// !$*UTF8*$!
{
	archiveVersion = 1;
	classes = {
	};
	objectVersion = 46;
	objects = {

/* Begin PBXBuildFile section */
		4A74144819C2D779002DB2C7 /* btn-navbar-back.png in Resources */ = {isa = PBXBuildFile; fileRef = 4A74144619C2D779002DB2C7 /* btn-navbar-back.png */; };
		4A74144919C2D779002DB2C7 /* btn-navbar-back@2x.png in Resources */ = {isa = PBXBuildFile; fileRef = 4A74144719C2D779002DB2C7 /* btn-navbar-back@2x.png */; };
		4A74146019C2F8A0002DB2C7 /* UIView+ExtendedToast.m in Sources */ = {isa = PBXBuildFile; fileRef = 4A74145F19C2F8A0002DB2C7 /* UIView+ExtendedToast.m */; };
		4A74146A19C2FD7F002DB2C7 /* img-forgot_password-text_box-bg.png in Resources */ = {isa = PBXBuildFile; fileRef = 4A74146219C2FD7F002DB2C7 /* img-forgot_password-text_box-bg.png */; };
		4A74146B19C2FD7F002DB2C7 /* img-forgot_password-text_box-bg@2x.png in Resources */ = {isa = PBXBuildFile; fileRef = 4A74146319C2FD7F002DB2C7 /* img-forgot_password-text_box-bg@2x.png */; };
		4A74146C19C2FD7F002DB2C7 /* img-home-buttons-bg.png in Resources */ = {isa = PBXBuildFile; fileRef = 4A74146419C2FD7F002DB2C7 /* img-home-buttons-bg.png */; };
		4A74146D19C2FD7F002DB2C7 /* img-home-buttons-bg@2x.png in Resources */ = {isa = PBXBuildFile; fileRef = 4A74146519C2FD7F002DB2C7 /* img-home-buttons-bg@2x.png */; };
		4A74146E19C2FD7F002DB2C7 /* img-login-text_boxes-bg.png in Resources */ = {isa = PBXBuildFile; fileRef = 4A74146619C2FD7F002DB2C7 /* img-login-text_boxes-bg.png */; };
		4A74146F19C2FD7F002DB2C7 /* img-login-text_boxes-bg@2x.png in Resources */ = {isa = PBXBuildFile; fileRef = 4A74146719C2FD7F002DB2C7 /* img-login-text_boxes-bg@2x.png */; };
		4A74147019C2FD7F002DB2C7 /* img-sign_up-text_boxes-bg.png in Resources */ = {isa = PBXBuildFile; fileRef = 4A74146819C2FD7F002DB2C7 /* img-sign_up-text_boxes-bg.png */; };
		4A74147119C2FD7F002DB2C7 /* img-sign_up-text_boxes-bg@2x.png in Resources */ = {isa = PBXBuildFile; fileRef = 4A74146919C2FD7F002DB2C7 /* img-sign_up-text_boxes-bg@2x.png */; };
		4A74148019C2FDBE002DB2C7 /* FTForgotPasswordViewController.m in Sources */ = {isa = PBXBuildFile; fileRef = 4A74147519C2FDBE002DB2C7 /* FTForgotPasswordViewController.m */; };
		4A74148119C2FDBE002DB2C7 /* FTForgotPasswordViewController.xib in Resources */ = {isa = PBXBuildFile; fileRef = 4A74147619C2FDBE002DB2C7 /* FTForgotPasswordViewController.xib */; };
		4A74148219C2FDBE002DB2C7 /* FTHomeViewController.m in Sources */ = {isa = PBXBuildFile; fileRef = 4A74147819C2FDBE002DB2C7 /* FTHomeViewController.m */; };
		4A74148319C2FDBE002DB2C7 /* FTHomeViewController.xib in Resources */ = {isa = PBXBuildFile; fileRef = 4A74147919C2FDBE002DB2C7 /* FTHomeViewController.xib */; };
		4A74148419C2FDBE002DB2C7 /* FTLoginViewController.m in Sources */ = {isa = PBXBuildFile; fileRef = 4A74147B19C2FDBE002DB2C7 /* FTLoginViewController.m */; };
		4A74148519C2FDBE002DB2C7 /* FTLoginViewController.xib in Resources */ = {isa = PBXBuildFile; fileRef = 4A74147C19C2FDBE002DB2C7 /* FTLoginViewController.xib */; };
		4A74148619C2FDBE002DB2C7 /* FTSignUpViewController.m in Sources */ = {isa = PBXBuildFile; fileRef = 4A74147E19C2FDBE002DB2C7 /* FTSignUpViewController.m */; };
		4A74148719C2FDBE002DB2C7 /* FTSignUpViewController.xib in Resources */ = {isa = PBXBuildFile; fileRef = 4A74147F19C2FDBE002DB2C7 /* FTSignUpViewController.xib */; };
		4A85F39A19C68EF400642C5F /* img-hexagon_lessons-bg-bottom.png in Resources */ = {isa = PBXBuildFile; fileRef = 4A85F39619C68EF400642C5F /* img-hexagon_lessons-bg-bottom.png */; };
		4A85F39B19C68EF400642C5F /* img-hexagon_lessons-bg-bottom@2x.png in Resources */ = {isa = PBXBuildFile; fileRef = 4A85F39719C68EF400642C5F /* img-hexagon_lessons-bg-bottom@2x.png */; };
		4A85F39C19C68EF400642C5F /* img-hexagon_lessons-bg-top.png in Resources */ = {isa = PBXBuildFile; fileRef = 4A85F39819C68EF400642C5F /* img-hexagon_lessons-bg-top.png */; };
		4A85F39D19C68EF400642C5F /* img-hexagon_lessons-bg-top@2x.png in Resources */ = {isa = PBXBuildFile; fileRef = 4A85F39919C68EF400642C5F /* img-hexagon_lessons-bg-top@2x.png */; };
		4A85F3A019C6976400642C5F /* MLesson.m in Sources */ = {isa = PBXBuildFile; fileRef = 4A85F39F19C6976400642C5F /* MLesson.m */; };
		4A85F3A819C6CC6D00642C5F /* img-lesson-passed_checkmark.png in Resources */ = {isa = PBXBuildFile; fileRef = 4A85F3A619C6CC6D00642C5F /* img-lesson-passed_checkmark.png */; };
		4A85F3A919C6CC6D00642C5F /* img-lesson-passed_checkmark@2x.png in Resources */ = {isa = PBXBuildFile; fileRef = 4A85F3A719C6CC6D00642C5F /* img-lesson-passed_checkmark@2x.png */; };
		4A85F3AC19C6CD3500642C5F /* btn-hexagon_lesson-retake.png in Resources */ = {isa = PBXBuildFile; fileRef = 4A85F3AA19C6CD3500642C5F /* btn-hexagon_lesson-retake.png */; };
		4A85F3AD19C6CD3500642C5F /* btn-hexagon_lesson-retake@2x.png in Resources */ = {isa = PBXBuildFile; fileRef = 4A85F3AB19C6CD3500642C5F /* btn-hexagon_lesson-retake@2x.png */; };
		4A85F3D519C6DFA600642C5F /* FTShieldSkillCell.m in Sources */ = {isa = PBXBuildFile; fileRef = 4A85F3D319C6DFA600642C5F /* FTShieldSkillCell.m */; };
		4A85F3D619C6DFA600642C5F /* FTShieldSkillCell.xib in Resources */ = {isa = PBXBuildFile; fileRef = 4A85F3D419C6DFA600642C5F /* FTShieldSkillCell.xib */; };
		4A85F3D919C6E08100642C5F /* FTShieldSkillView.m in Sources */ = {isa = PBXBuildFile; fileRef = 4A85F3D819C6E08100642C5F /* FTShieldSkillView.m */; };
		4A85F3DB19C6E08B00642C5F /* FTShieldSkillView.xib in Resources */ = {isa = PBXBuildFile; fileRef = 4A85F3DA19C6E08B00642C5F /* FTShieldSkillView.xib */; };
		4A85F3DE19C6E13100642C5F /* img-shield_skill-bg-unlocked.png in Resources */ = {isa = PBXBuildFile; fileRef = 4A85F3DC19C6E13100642C5F /* img-shield_skill-bg-unlocked.png */; };
		4A85F3DF19C6E13100642C5F /* img-shield_skill-bg-unlocked@2x.png in Resources */ = {isa = PBXBuildFile; fileRef = 4A85F3DD19C6E13100642C5F /* img-shield_skill-bg-unlocked@2x.png */; };
		4A85F3E819C6E2BF00642C5F /* img-hexagon_skill-strength-1.png in Resources */ = {isa = PBXBuildFile; fileRef = 4A85F3E019C6E2BF00642C5F /* img-hexagon_skill-strength-1.png */; };
		4A85F3E919C6E2BF00642C5F /* img-hexagon_skill-strength-1@2x.png in Resources */ = {isa = PBXBuildFile; fileRef = 4A85F3E119C6E2BF00642C5F /* img-hexagon_skill-strength-1@2x.png */; };
		4A85F3EA19C6E2BF00642C5F /* img-hexagon_skill-strength-2.png in Resources */ = {isa = PBXBuildFile; fileRef = 4A85F3E219C6E2BF00642C5F /* img-hexagon_skill-strength-2.png */; };
		4A85F3EB19C6E2BF00642C5F /* img-hexagon_skill-strength-2@2x.png in Resources */ = {isa = PBXBuildFile; fileRef = 4A85F3E319C6E2BF00642C5F /* img-hexagon_skill-strength-2@2x.png */; };
		4A85F3EC19C6E2BF00642C5F /* img-hexagon_skill-strength-3.png in Resources */ = {isa = PBXBuildFile; fileRef = 4A85F3E419C6E2BF00642C5F /* img-hexagon_skill-strength-3.png */; };
		4A85F3ED19C6E2BF00642C5F /* img-hexagon_skill-strength-3@2x.png in Resources */ = {isa = PBXBuildFile; fileRef = 4A85F3E519C6E2BF00642C5F /* img-hexagon_skill-strength-3@2x.png */; };
		4A85F3EE19C6E2BF00642C5F /* img-hexagon_skill-strength-4.png in Resources */ = {isa = PBXBuildFile; fileRef = 4A85F3E619C6E2BF00642C5F /* img-hexagon_skill-strength-4.png */; };
		4A85F3EF19C6E2BF00642C5F /* img-hexagon_skill-strength-4@2x.png in Resources */ = {isa = PBXBuildFile; fileRef = 4A85F3E719C6E2BF00642C5F /* img-hexagon_skill-strength-4@2x.png */; };
		4A85F3F819C6E32100642C5F /* img-shield_skill-strength-1.png in Resources */ = {isa = PBXBuildFile; fileRef = 4A85F3F019C6E32100642C5F /* img-shield_skill-strength-1.png */; };
		4A85F3F919C6E32100642C5F /* img-shield_skill-strength-1@2x.png in Resources */ = {isa = PBXBuildFile; fileRef = 4A85F3F119C6E32100642C5F /* img-shield_skill-strength-1@2x.png */; };
		4A85F3FA19C6E32100642C5F /* img-shield_skill-strength-2.png in Resources */ = {isa = PBXBuildFile; fileRef = 4A85F3F219C6E32100642C5F /* img-shield_skill-strength-2.png */; };
		4A85F3FB19C6E32100642C5F /* img-shield_skill-strength-2@x.png in Resources */ = {isa = PBXBuildFile; fileRef = 4A85F3F319C6E32100642C5F /* img-shield_skill-strength-2@x.png */; };
		4A85F3FC19C6E32100642C5F /* img-shield_skill-strength-3.png in Resources */ = {isa = PBXBuildFile; fileRef = 4A85F3F419C6E32100642C5F /* img-shield_skill-strength-3.png */; };
		4A85F3FD19C6E32100642C5F /* img-shield_skill-strength-3@2x.png in Resources */ = {isa = PBXBuildFile; fileRef = 4A85F3F519C6E32100642C5F /* img-shield_skill-strength-3@2x.png */; };
		4A85F3FE19C6E32100642C5F /* img-shield_skill-strength-4.png in Resources */ = {isa = PBXBuildFile; fileRef = 4A85F3F619C6E32100642C5F /* img-shield_skill-strength-4.png */; };
		4A85F3FF19C6E32100642C5F /* img-shield_skill-strength-4@2x.png in Resources */ = {isa = PBXBuildFile; fileRef = 4A85F3F719C6E32100642C5F /* img-shield_skill-strength-4@2x.png */; };
		4A85F40219C6F18900642C5F /* FTSkillView.m in Sources */ = {isa = PBXBuildFile; fileRef = 4A85F40119C6F18900642C5F /* FTSkillView.m */; };
		4A85F40619C6F3D800642C5F /* FTShieldCheckpointTestCell.m in Sources */ = {isa = PBXBuildFile; fileRef = 4A85F40419C6F3D800642C5F /* FTShieldCheckpointTestCell.m */; };
		4A85F40719C6F3D800642C5F /* FTShieldCheckpointTestCell.xib in Resources */ = {isa = PBXBuildFile; fileRef = 4A85F40519C6F3D800642C5F /* FTShieldCheckpointTestCell.xib */; };
		4A85F40A19C6F45400642C5F /* FTCheckpointTestCell.m in Sources */ = {isa = PBXBuildFile; fileRef = 4A85F40919C6F45400642C5F /* FTCheckpointTestCell.m */; };
		4A85F40D19C6F8FE00642C5F /* btn-shield-strengthen-bg.png in Resources */ = {isa = PBXBuildFile; fileRef = 4A85F40B19C6F8FE00642C5F /* btn-shield-strengthen-bg.png */; };
		4A85F40E19C6F8FE00642C5F /* btn-shield-strengthen-bg@2x.png in Resources */ = {isa = PBXBuildFile; fileRef = 4A85F40C19C6F8FE00642C5F /* btn-shield-strengthen-bg@2x.png */; };
		4ACFE59419C810AD00AAC524 /* MItem.m in Sources */ = {isa = PBXBuildFile; fileRef = 4ACFE59319C810AD00AAC524 /* MItem.m */; };
		4ACFE59819C811A500AAC524 /* img-money-icon.png in Resources */ = {isa = PBXBuildFile; fileRef = 4ACFE59619C811A500AAC524 /* img-money-icon.png */; };
		4ACFE59919C811A500AAC524 /* img-money-icon@2x.png in Resources */ = {isa = PBXBuildFile; fileRef = 4ACFE59719C811A500AAC524 /* img-money-icon@2x.png */; };
		CA00EDFC19C0A21600E6D9D5 /* Default-568h@2x.png in Resources */ = {isa = PBXBuildFile; fileRef = CA00EDFB19C0A21600E6D9D5 /* Default-568h@2x.png */; };
		CA5454B519C71E8C0052111C /* FTHexagonLessonsListViewController.m in Sources */ = {isa = PBXBuildFile; fileRef = CA5454B019C71E8C0052111C /* FTHexagonLessonsListViewController.m */; };
		CA5454B619C71E8C0052111C /* FTHexagonLessonsListViewController.xib in Resources */ = {isa = PBXBuildFile; fileRef = CA5454B119C71E8C0052111C /* FTHexagonLessonsListViewController.xib */; };
		CA5454B719C71E8C0052111C /* FTHexagonLessonView.m in Sources */ = {isa = PBXBuildFile; fileRef = CA5454B319C71E8C0052111C /* FTHexagonLessonView.m */; };
		CA5454B819C71E8C0052111C /* FTHexagonLessonView.xib in Resources */ = {isa = PBXBuildFile; fileRef = CA5454B419C71E8C0052111C /* FTHexagonLessonView.xib */; };
		CA5454BD19C71EC10052111C /* FTShieldLessonsListViewController.m in Sources */ = {isa = PBXBuildFile; fileRef = CA5454BB19C71EC10052111C /* FTShieldLessonsListViewController.m */; };
		CA5454BE19C71EC10052111C /* FTShieldLessonsListViewController.xib in Resources */ = {isa = PBXBuildFile; fileRef = CA5454BC19C71EC10052111C /* FTShieldLessonsListViewController.xib */; };
		CA5454C219C71F5F0052111C /* FTShieldLessonCell.m in Sources */ = {isa = PBXBuildFile; fileRef = CA5454C019C71F5F0052111C /* FTShieldLessonCell.m */; };
		CA5454C319C71F5F0052111C /* FTShieldLessonCell.xib in Resources */ = {isa = PBXBuildFile; fileRef = CA5454C119C71F5F0052111C /* FTShieldLessonCell.xib */; };
		CA5454C619C720370052111C /* FTLessonsListViewController.m in Sources */ = {isa = PBXBuildFile; fileRef = CA5454C519C720370052111C /* FTLessonsListViewController.m */; };
		CA5454CB19C741A20052111C /* FTShopViewController.m in Sources */ = {isa = PBXBuildFile; fileRef = CA5454C919C741A20052111C /* FTShopViewController.m */; };
		CA5454CC19C741A20052111C /* FTShopViewController.xib in Resources */ = {isa = PBXBuildFile; fileRef = CA5454CA19C741A20052111C /* FTShopViewController.xib */; };
		CA5454D019C743F50052111C /* FTShopItemCell.m in Sources */ = {isa = PBXBuildFile; fileRef = CA5454CE19C743F50052111C /* FTShopItemCell.m */; };
		CA5454D119C743F50052111C /* FTShopItemCell.xib in Resources */ = {isa = PBXBuildFile; fileRef = CA5454CF19C743F50052111C /* FTShopItemCell.xib */; };
		CA74999819C094B700C221A9 /* Foundation.framework in Frameworks */ = {isa = PBXBuildFile; fileRef = CA74999719C094B700C221A9 /* Foundation.framework */; };
		CA74999A19C094B700C221A9 /* CoreGraphics.framework in Frameworks */ = {isa = PBXBuildFile; fileRef = CA74999919C094B700C221A9 /* CoreGraphics.framework */; };
		CA74999C19C094B700C221A9 /* UIKit.framework in Frameworks */ = {isa = PBXBuildFile; fileRef = CA74999B19C094B700C221A9 /* UIKit.framework */; };
		CA7499A219C094B700C221A9 /* InfoPlist.strings in Resources */ = {isa = PBXBuildFile; fileRef = CA7499A019C094B700C221A9 /* InfoPlist.strings */; };
		CA7499A419C094B700C221A9 /* main.m in Sources */ = {isa = PBXBuildFile; fileRef = CA7499A319C094B700C221A9 /* main.m */; };
		CA7499A819C094B700C221A9 /* FTAppDelegate.m in Sources */ = {isa = PBXBuildFile; fileRef = CA7499A719C094B700C221A9 /* FTAppDelegate.m */; };
		CA7499CF19C0951A00C221A9 /* Utils.m in Sources */ = {isa = PBXBuildFile; fileRef = CA7499C819C0951A00C221A9 /* Utils.m */; };
		CA7499D019C0951A00C221A9 /* BaseViewController.m in Sources */ = {isa = PBXBuildFile; fileRef = CA7499CD19C0951A00C221A9 /* BaseViewController.m */; };
		CAEBA24F19C331CE0024CA71 /* UIImage+ImageHelpers.m in Sources */ = {isa = PBXBuildFile; fileRef = CAEBA24E19C331CE0024CA71 /* UIImage+ImageHelpers.m */; };
		CAEBA25419C487B20024CA71 /* FTSkillsListViewController.m in Sources */ = {isa = PBXBuildFile; fileRef = CAEBA25219C487B20024CA71 /* FTSkillsListViewController.m */; };
		CAEBA25519C487B20024CA71 /* FTSkillsListViewController.xib in Resources */ = {isa = PBXBuildFile; fileRef = CAEBA25319C487B20024CA71 /* FTSkillsListViewController.xib */; };
		CAEBA25819C487F30024CA71 /* BaseTableViewCell.m in Sources */ = {isa = PBXBuildFile; fileRef = CAEBA25719C487F30024CA71 /* BaseTableViewCell.m */; };
		CAEBA25B19C488460024CA71 /* MBase.m in Sources */ = {isa = PBXBuildFile; fileRef = CAEBA25A19C488460024CA71 /* MBase.m */; };
		CAEBA26C19C48C490024CA71 /* img-hexagon_skill-bg-locked.png in Resources */ = {isa = PBXBuildFile; fileRef = CAEBA26819C48C490024CA71 /* img-hexagon_skill-bg-locked.png */; };
		CAEBA26D19C48C490024CA71 /* img-hexagon_skill-bg-locked@2x.png in Resources */ = {isa = PBXBuildFile; fileRef = CAEBA26919C48C490024CA71 /* img-hexagon_skill-bg-locked@2x.png */; };
		CAEBA26E19C48C490024CA71 /* img-hexagon_skill-bg-unlocked.png in Resources */ = {isa = PBXBuildFile; fileRef = CAEBA26A19C48C490024CA71 /* img-hexagon_skill-bg-unlocked.png */; };
		CAEBA26F19C48C490024CA71 /* img-hexagon_skill-bg-unlocked@2x.png in Resources */ = {isa = PBXBuildFile; fileRef = CAEBA26B19C48C490024CA71 /* img-hexagon_skill-bg-unlocked@2x.png */; };
		CAEBA27419C48D760024CA71 /* ClearSans-Bold.ttf in Resources */ = {isa = PBXBuildFile; fileRef = CAEBA27219C48D760024CA71 /* ClearSans-Bold.ttf */; };
		CAEBA27519C48D760024CA71 /* ClearSans-Regular.ttf in Resources */ = {isa = PBXBuildFile; fileRef = CAEBA27319C48D760024CA71 /* ClearSans-Regular.ttf */; };
		CAEBA27819C48F610024CA71 /* MSkill.m in Sources */ = {isa = PBXBuildFile; fileRef = CAEBA27719C48F610024CA71 /* MSkill.m */; };
		CAEBA28519C4A7E10024CA71 /* btn-hexagon-strengthen-bg.png in Resources */ = {isa = PBXBuildFile; fileRef = CAEBA28319C4A7E10024CA71 /* btn-hexagon-strengthen-bg.png */; };
		CAEBA28619C4A7E10024CA71 /* btn-hexagon-strengthen-bg@2x.png in Resources */ = {isa = PBXBuildFile; fileRef = CAEBA28419C4A7E10024CA71 /* btn-hexagon-strengthen-bg@2x.png */; };
		CAEBA29119C4AA710024CA71 /* FTHexagonCheckpointTestCell.m in Sources */ = {isa = PBXBuildFile; fileRef = CAEBA28919C4AA710024CA71 /* FTHexagonCheckpointTestCell.m */; };
		CAEBA29219C4AA710024CA71 /* FTHexagonCheckpointTestCell.xib in Resources */ = {isa = PBXBuildFile; fileRef = CAEBA28A19C4AA710024CA71 /* FTHexagonCheckpointTestCell.xib */; };
		CAEBA29319C4AA710024CA71 /* FTHexagonSkillCell.m in Sources */ = {isa = PBXBuildFile; fileRef = CAEBA28C19C4AA710024CA71 /* FTHexagonSkillCell.m */; };
		CAEBA29419C4AA710024CA71 /* FTHexagonSkillCell.xib in Resources */ = {isa = PBXBuildFile; fileRef = CAEBA28D19C4AA710024CA71 /* FTHexagonSkillCell.xib */; };
		CAEBA29519C4AA710024CA71 /* FTHexagonSkillView.m in Sources */ = {isa = PBXBuildFile; fileRef = CAEBA28F19C4AA710024CA71 /* FTHexagonSkillView.m */; };
		CAEBA29619C4AA710024CA71 /* FTHexagonSkillView.xib in Resources */ = {isa = PBXBuildFile; fileRef = CAEBA29019C4AA710024CA71 /* FTHexagonSkillView.xib */; };
		CAEBA29919C4AB1A0024CA71 /* FTSkillCell.m in Sources */ = {isa = PBXBuildFile; fileRef = CAEBA29819C4AB1A0024CA71 /* FTSkillCell.m */; };
		CAEBA29C19C4AC750024CA71 /* img-hexagon-checkpoint_test-bg.png in Resources */ = {isa = PBXBuildFile; fileRef = CAEBA29A19C4AC750024CA71 /* img-hexagon-checkpoint_test-bg.png */; };
		CAEBA29D19C4AC750024CA71 /* img-hexagon-checkpoint_test-bg@2x.png in Resources */ = {isa = PBXBuildFile; fileRef = CAEBA29B19C4AC750024CA71 /* img-hexagon-checkpoint_test-bg@2x.png */; };
		E8EAE054E22C4E029457F2D0 /* libPods.a in Frameworks */ = {isa = PBXBuildFile; fileRef = 2049651044F2420EB5D4EB87 /* libPods.a */; };
/* End PBXBuildFile section */

/* Begin PBXFileReference section */
		2049651044F2420EB5D4EB87 /* libPods.a */ = {isa = PBXFileReference; explicitFileType = archive.ar; includeInIndex = 0; path = libPods.a; sourceTree = BUILT_PRODUCTS_DIR; };
		4A74144619C2D779002DB2C7 /* btn-navbar-back.png */ = {isa = PBXFileReference; lastKnownFileType = image.png; name = "btn-navbar-back.png"; path = "images/btn-navbar-back.png"; sourceTree = "<group>"; };
		4A74144719C2D779002DB2C7 /* btn-navbar-back@2x.png */ = {isa = PBXFileReference; lastKnownFileType = image.png; name = "btn-navbar-back@2x.png"; path = "images/btn-navbar-back@2x.png"; sourceTree = "<group>"; };
		4A74145E19C2F8A0002DB2C7 /* UIView+ExtendedToast.h */ = {isa = PBXFileReference; fileEncoding = 4; lastKnownFileType = sourcecode.c.h; path = "UIView+ExtendedToast.h"; sourceTree = "<group>"; };
		4A74145F19C2F8A0002DB2C7 /* UIView+ExtendedToast.m */ = {isa = PBXFileReference; fileEncoding = 4; lastKnownFileType = sourcecode.c.objc; path = "UIView+ExtendedToast.m"; sourceTree = "<group>"; };
		4A74146219C2FD7F002DB2C7 /* img-forgot_password-text_box-bg.png */ = {isa = PBXFileReference; lastKnownFileType = image.png; path = "img-forgot_password-text_box-bg.png"; sourceTree = "<group>"; };
		4A74146319C2FD7F002DB2C7 /* img-forgot_password-text_box-bg@2x.png */ = {isa = PBXFileReference; lastKnownFileType = image.png; path = "img-forgot_password-text_box-bg@2x.png"; sourceTree = "<group>"; };
		4A74146419C2FD7F002DB2C7 /* img-home-buttons-bg.png */ = {isa = PBXFileReference; lastKnownFileType = image.png; path = "img-home-buttons-bg.png"; sourceTree = "<group>"; };
		4A74146519C2FD7F002DB2C7 /* img-home-buttons-bg@2x.png */ = {isa = PBXFileReference; lastKnownFileType = image.png; path = "img-home-buttons-bg@2x.png"; sourceTree = "<group>"; };
		4A74146619C2FD7F002DB2C7 /* img-login-text_boxes-bg.png */ = {isa = PBXFileReference; lastKnownFileType = image.png; path = "img-login-text_boxes-bg.png"; sourceTree = "<group>"; };
		4A74146719C2FD7F002DB2C7 /* img-login-text_boxes-bg@2x.png */ = {isa = PBXFileReference; lastKnownFileType = image.png; path = "img-login-text_boxes-bg@2x.png"; sourceTree = "<group>"; };
		4A74146819C2FD7F002DB2C7 /* img-sign_up-text_boxes-bg.png */ = {isa = PBXFileReference; lastKnownFileType = image.png; path = "img-sign_up-text_boxes-bg.png"; sourceTree = "<group>"; };
		4A74146919C2FD7F002DB2C7 /* img-sign_up-text_boxes-bg@2x.png */ = {isa = PBXFileReference; lastKnownFileType = image.png; path = "img-sign_up-text_boxes-bg@2x.png"; sourceTree = "<group>"; };
		4A74147419C2FDBE002DB2C7 /* FTForgotPasswordViewController.h */ = {isa = PBXFileReference; fileEncoding = 4; lastKnownFileType = sourcecode.c.h; path = FTForgotPasswordViewController.h; sourceTree = "<group>"; };
		4A74147519C2FDBE002DB2C7 /* FTForgotPasswordViewController.m */ = {isa = PBXFileReference; fileEncoding = 4; lastKnownFileType = sourcecode.c.objc; path = FTForgotPasswordViewController.m; sourceTree = "<group>"; };
		4A74147619C2FDBE002DB2C7 /* FTForgotPasswordViewController.xib */ = {isa = PBXFileReference; fileEncoding = 4; lastKnownFileType = file.xib; path = FTForgotPasswordViewController.xib; sourceTree = "<group>"; };
		4A74147719C2FDBE002DB2C7 /* FTHomeViewController.h */ = {isa = PBXFileReference; fileEncoding = 4; lastKnownFileType = sourcecode.c.h; path = FTHomeViewController.h; sourceTree = "<group>"; };
		4A74147819C2FDBE002DB2C7 /* FTHomeViewController.m */ = {isa = PBXFileReference; fileEncoding = 4; lastKnownFileType = sourcecode.c.objc; path = FTHomeViewController.m; sourceTree = "<group>"; };
		4A74147919C2FDBE002DB2C7 /* FTHomeViewController.xib */ = {isa = PBXFileReference; fileEncoding = 4; lastKnownFileType = file.xib; path = FTHomeViewController.xib; sourceTree = "<group>"; };
		4A74147A19C2FDBE002DB2C7 /* FTLoginViewController.h */ = {isa = PBXFileReference; fileEncoding = 4; lastKnownFileType = sourcecode.c.h; path = FTLoginViewController.h; sourceTree = "<group>"; };
		4A74147B19C2FDBE002DB2C7 /* FTLoginViewController.m */ = {isa = PBXFileReference; fileEncoding = 4; lastKnownFileType = sourcecode.c.objc; path = FTLoginViewController.m; sourceTree = "<group>"; };
		4A74147C19C2FDBE002DB2C7 /* FTLoginViewController.xib */ = {isa = PBXFileReference; fileEncoding = 4; lastKnownFileType = file.xib; path = FTLoginViewController.xib; sourceTree = "<group>"; };
		4A74147D19C2FDBE002DB2C7 /* FTSignUpViewController.h */ = {isa = PBXFileReference; fileEncoding = 4; lastKnownFileType = sourcecode.c.h; path = FTSignUpViewController.h; sourceTree = "<group>"; };
		4A74147E19C2FDBE002DB2C7 /* FTSignUpViewController.m */ = {isa = PBXFileReference; fileEncoding = 4; lastKnownFileType = sourcecode.c.objc; path = FTSignUpViewController.m; sourceTree = "<group>"; };
		4A74147F19C2FDBE002DB2C7 /* FTSignUpViewController.xib */ = {isa = PBXFileReference; fileEncoding = 4; lastKnownFileType = file.xib; path = FTSignUpViewController.xib; sourceTree = "<group>"; };
		4A85F39619C68EF400642C5F /* img-hexagon_lessons-bg-bottom.png */ = {isa = PBXFileReference; lastKnownFileType = image.png; path = "img-hexagon_lessons-bg-bottom.png"; sourceTree = "<group>"; };
		4A85F39719C68EF400642C5F /* img-hexagon_lessons-bg-bottom@2x.png */ = {isa = PBXFileReference; lastKnownFileType = image.png; path = "img-hexagon_lessons-bg-bottom@2x.png"; sourceTree = "<group>"; };
		4A85F39819C68EF400642C5F /* img-hexagon_lessons-bg-top.png */ = {isa = PBXFileReference; lastKnownFileType = image.png; path = "img-hexagon_lessons-bg-top.png"; sourceTree = "<group>"; };
		4A85F39919C68EF400642C5F /* img-hexagon_lessons-bg-top@2x.png */ = {isa = PBXFileReference; lastKnownFileType = image.png; path = "img-hexagon_lessons-bg-top@2x.png"; sourceTree = "<group>"; };
		4A85F39E19C6976400642C5F /* MLesson.h */ = {isa = PBXFileReference; fileEncoding = 4; lastKnownFileType = sourcecode.c.h; path = MLesson.h; sourceTree = "<group>"; };
		4A85F39F19C6976400642C5F /* MLesson.m */ = {isa = PBXFileReference; fileEncoding = 4; lastKnownFileType = sourcecode.c.objc; path = MLesson.m; sourceTree = "<group>"; };
		4A85F3A619C6CC6D00642C5F /* img-lesson-passed_checkmark.png */ = {isa = PBXFileReference; lastKnownFileType = image.png; path = "img-lesson-passed_checkmark.png"; sourceTree = "<group>"; };
		4A85F3A719C6CC6D00642C5F /* img-lesson-passed_checkmark@2x.png */ = {isa = PBXFileReference; lastKnownFileType = image.png; path = "img-lesson-passed_checkmark@2x.png"; sourceTree = "<group>"; };
		4A85F3AA19C6CD3500642C5F /* btn-hexagon_lesson-retake.png */ = {isa = PBXFileReference; lastKnownFileType = image.png; path = "btn-hexagon_lesson-retake.png"; sourceTree = "<group>"; };
		4A85F3AB19C6CD3500642C5F /* btn-hexagon_lesson-retake@2x.png */ = {isa = PBXFileReference; lastKnownFileType = image.png; path = "btn-hexagon_lesson-retake@2x.png"; sourceTree = "<group>"; };
		4A85F3D219C6DFA600642C5F /* FTShieldSkillCell.h */ = {isa = PBXFileReference; fileEncoding = 4; lastKnownFileType = sourcecode.c.h; path = FTShieldSkillCell.h; sourceTree = "<group>"; };
		4A85F3D319C6DFA600642C5F /* FTShieldSkillCell.m */ = {isa = PBXFileReference; fileEncoding = 4; lastKnownFileType = sourcecode.c.objc; path = FTShieldSkillCell.m; sourceTree = "<group>"; };
		4A85F3D419C6DFA600642C5F /* FTShieldSkillCell.xib */ = {isa = PBXFileReference; fileEncoding = 4; lastKnownFileType = file.xib; path = FTShieldSkillCell.xib; sourceTree = "<group>"; };
		4A85F3D719C6E08100642C5F /* FTShieldSkillView.h */ = {isa = PBXFileReference; fileEncoding = 4; lastKnownFileType = sourcecode.c.h; path = FTShieldSkillView.h; sourceTree = "<group>"; };
		4A85F3D819C6E08100642C5F /* FTShieldSkillView.m */ = {isa = PBXFileReference; fileEncoding = 4; lastKnownFileType = sourcecode.c.objc; path = FTShieldSkillView.m; sourceTree = "<group>"; };
		4A85F3DA19C6E08B00642C5F /* FTShieldSkillView.xib */ = {isa = PBXFileReference; fileEncoding = 4; lastKnownFileType = file.xib; path = FTShieldSkillView.xib; sourceTree = "<group>"; };
		4A85F3DC19C6E13100642C5F /* img-shield_skill-bg-unlocked.png */ = {isa = PBXFileReference; lastKnownFileType = image.png; path = "img-shield_skill-bg-unlocked.png"; sourceTree = "<group>"; };
		4A85F3DD19C6E13100642C5F /* img-shield_skill-bg-unlocked@2x.png */ = {isa = PBXFileReference; lastKnownFileType = image.png; path = "img-shield_skill-bg-unlocked@2x.png"; sourceTree = "<group>"; };
		4A85F3E019C6E2BF00642C5F /* img-hexagon_skill-strength-1.png */ = {isa = PBXFileReference; lastKnownFileType = image.png; path = "img-hexagon_skill-strength-1.png"; sourceTree = "<group>"; };
		4A85F3E119C6E2BF00642C5F /* img-hexagon_skill-strength-1@2x.png */ = {isa = PBXFileReference; lastKnownFileType = image.png; path = "img-hexagon_skill-strength-1@2x.png"; sourceTree = "<group>"; };
		4A85F3E219C6E2BF00642C5F /* img-hexagon_skill-strength-2.png */ = {isa = PBXFileReference; lastKnownFileType = image.png; path = "img-hexagon_skill-strength-2.png"; sourceTree = "<group>"; };
		4A85F3E319C6E2BF00642C5F /* img-hexagon_skill-strength-2@2x.png */ = {isa = PBXFileReference; lastKnownFileType = image.png; path = "img-hexagon_skill-strength-2@2x.png"; sourceTree = "<group>"; };
		4A85F3E419C6E2BF00642C5F /* img-hexagon_skill-strength-3.png */ = {isa = PBXFileReference; lastKnownFileType = image.png; path = "img-hexagon_skill-strength-3.png"; sourceTree = "<group>"; };
		4A85F3E519C6E2BF00642C5F /* img-hexagon_skill-strength-3@2x.png */ = {isa = PBXFileReference; lastKnownFileType = image.png; path = "img-hexagon_skill-strength-3@2x.png"; sourceTree = "<group>"; };
		4A85F3E619C6E2BF00642C5F /* img-hexagon_skill-strength-4.png */ = {isa = PBXFileReference; lastKnownFileType = image.png; path = "img-hexagon_skill-strength-4.png"; sourceTree = "<group>"; };
		4A85F3E719C6E2BF00642C5F /* img-hexagon_skill-strength-4@2x.png */ = {isa = PBXFileReference; lastKnownFileType = image.png; path = "img-hexagon_skill-strength-4@2x.png"; sourceTree = "<group>"; };
		4A85F3F019C6E32100642C5F /* img-shield_skill-strength-1.png */ = {isa = PBXFileReference; lastKnownFileType = image.png; path = "img-shield_skill-strength-1.png"; sourceTree = "<group>"; };
		4A85F3F119C6E32100642C5F /* img-shield_skill-strength-1@2x.png */ = {isa = PBXFileReference; lastKnownFileType = image.png; path = "img-shield_skill-strength-1@2x.png"; sourceTree = "<group>"; };
		4A85F3F219C6E32100642C5F /* img-shield_skill-strength-2.png */ = {isa = PBXFileReference; lastKnownFileType = image.png; path = "img-shield_skill-strength-2.png"; sourceTree = "<group>"; };
		4A85F3F319C6E32100642C5F /* img-shield_skill-strength-2@x.png */ = {isa = PBXFileReference; lastKnownFileType = image.png; path = "img-shield_skill-strength-2@x.png"; sourceTree = "<group>"; };
		4A85F3F419C6E32100642C5F /* img-shield_skill-strength-3.png */ = {isa = PBXFileReference; lastKnownFileType = image.png; path = "img-shield_skill-strength-3.png"; sourceTree = "<group>"; };
		4A85F3F519C6E32100642C5F /* img-shield_skill-strength-3@2x.png */ = {isa = PBXFileReference; lastKnownFileType = image.png; path = "img-shield_skill-strength-3@2x.png"; sourceTree = "<group>"; };
		4A85F3F619C6E32100642C5F /* img-shield_skill-strength-4.png */ = {isa = PBXFileReference; lastKnownFileType = image.png; path = "img-shield_skill-strength-4.png"; sourceTree = "<group>"; };
		4A85F3F719C6E32100642C5F /* img-shield_skill-strength-4@2x.png */ = {isa = PBXFileReference; lastKnownFileType = image.png; path = "img-shield_skill-strength-4@2x.png"; sourceTree = "<group>"; };
		4A85F40019C6F18900642C5F /* FTSkillView.h */ = {isa = PBXFileReference; fileEncoding = 4; lastKnownFileType = sourcecode.c.h; path = FTSkillView.h; sourceTree = "<group>"; };
		4A85F40119C6F18900642C5F /* FTSkillView.m */ = {isa = PBXFileReference; fileEncoding = 4; lastKnownFileType = sourcecode.c.objc; path = FTSkillView.m; sourceTree = "<group>"; };
		4A85F40319C6F3D800642C5F /* FTShieldCheckpointTestCell.h */ = {isa = PBXFileReference; fileEncoding = 4; lastKnownFileType = sourcecode.c.h; path = FTShieldCheckpointTestCell.h; sourceTree = "<group>"; };
		4A85F40419C6F3D800642C5F /* FTShieldCheckpointTestCell.m */ = {isa = PBXFileReference; fileEncoding = 4; lastKnownFileType = sourcecode.c.objc; path = FTShieldCheckpointTestCell.m; sourceTree = "<group>"; };
		4A85F40519C6F3D800642C5F /* FTShieldCheckpointTestCell.xib */ = {isa = PBXFileReference; fileEncoding = 4; lastKnownFileType = file.xib; path = FTShieldCheckpointTestCell.xib; sourceTree = "<group>"; };
		4A85F40819C6F45400642C5F /* FTCheckpointTestCell.h */ = {isa = PBXFileReference; fileEncoding = 4; lastKnownFileType = sourcecode.c.h; path = FTCheckpointTestCell.h; sourceTree = "<group>"; };
		4A85F40919C6F45400642C5F /* FTCheckpointTestCell.m */ = {isa = PBXFileReference; fileEncoding = 4; lastKnownFileType = sourcecode.c.objc; path = FTCheckpointTestCell.m; sourceTree = "<group>"; };
		4A85F40B19C6F8FE00642C5F /* btn-shield-strengthen-bg.png */ = {isa = PBXFileReference; lastKnownFileType = image.png; path = "btn-shield-strengthen-bg.png"; sourceTree = "<group>"; };
		4A85F40C19C6F8FE00642C5F /* btn-shield-strengthen-bg@2x.png */ = {isa = PBXFileReference; lastKnownFileType = image.png; path = "btn-shield-strengthen-bg@2x.png"; sourceTree = "<group>"; };
		4ACFE59219C810AD00AAC524 /* MItem.h */ = {isa = PBXFileReference; fileEncoding = 4; lastKnownFileType = sourcecode.c.h; path = MItem.h; sourceTree = "<group>"; };
		4ACFE59319C810AD00AAC524 /* MItem.m */ = {isa = PBXFileReference; fileEncoding = 4; lastKnownFileType = sourcecode.c.objc; path = MItem.m; sourceTree = "<group>"; };
		4ACFE59619C811A500AAC524 /* img-money-icon.png */ = {isa = PBXFileReference; lastKnownFileType = image.png; path = "img-money-icon.png"; sourceTree = "<group>"; };
		4ACFE59719C811A500AAC524 /* img-money-icon@2x.png */ = {isa = PBXFileReference; lastKnownFileType = image.png; path = "img-money-icon@2x.png"; sourceTree = "<group>"; };
		CA00EDFB19C0A21600E6D9D5 /* Default-568h@2x.png */ = {isa = PBXFileReference; lastKnownFileType = image.png; name = "Default-568h@2x.png"; path = "images/Default-568h@2x.png"; sourceTree = "<group>"; };
		CA5454AF19C71E8C0052111C /* FTHexagonLessonsListViewController.h */ = {isa = PBXFileReference; fileEncoding = 4; lastKnownFileType = sourcecode.c.h; path = FTHexagonLessonsListViewController.h; sourceTree = "<group>"; };
		CA5454B019C71E8C0052111C /* FTHexagonLessonsListViewController.m */ = {isa = PBXFileReference; fileEncoding = 4; lastKnownFileType = sourcecode.c.objc; path = FTHexagonLessonsListViewController.m; sourceTree = "<group>"; };
		CA5454B119C71E8C0052111C /* FTHexagonLessonsListViewController.xib */ = {isa = PBXFileReference; fileEncoding = 4; lastKnownFileType = file.xib; path = FTHexagonLessonsListViewController.xib; sourceTree = "<group>"; };
		CA5454B219C71E8C0052111C /* FTHexagonLessonView.h */ = {isa = PBXFileReference; fileEncoding = 4; lastKnownFileType = sourcecode.c.h; path = FTHexagonLessonView.h; sourceTree = "<group>"; };
		CA5454B319C71E8C0052111C /* FTHexagonLessonView.m */ = {isa = PBXFileReference; fileEncoding = 4; lastKnownFileType = sourcecode.c.objc; path = FTHexagonLessonView.m; sourceTree = "<group>"; };
		CA5454B419C71E8C0052111C /* FTHexagonLessonView.xib */ = {isa = PBXFileReference; fileEncoding = 4; lastKnownFileType = file.xib; path = FTHexagonLessonView.xib; sourceTree = "<group>"; };
		CA5454BA19C71EC10052111C /* FTShieldLessonsListViewController.h */ = {isa = PBXFileReference; fileEncoding = 4; lastKnownFileType = sourcecode.c.h; path = FTShieldLessonsListViewController.h; sourceTree = "<group>"; };
		CA5454BB19C71EC10052111C /* FTShieldLessonsListViewController.m */ = {isa = PBXFileReference; fileEncoding = 4; lastKnownFileType = sourcecode.c.objc; path = FTShieldLessonsListViewController.m; sourceTree = "<group>"; };
		CA5454BC19C71EC10052111C /* FTShieldLessonsListViewController.xib */ = {isa = PBXFileReference; fileEncoding = 4; lastKnownFileType = file.xib; path = FTShieldLessonsListViewController.xib; sourceTree = "<group>"; };
		CA5454BF19C71F5F0052111C /* FTShieldLessonCell.h */ = {isa = PBXFileReference; fileEncoding = 4; lastKnownFileType = sourcecode.c.h; path = FTShieldLessonCell.h; sourceTree = "<group>"; };
		CA5454C019C71F5F0052111C /* FTShieldLessonCell.m */ = {isa = PBXFileReference; fileEncoding = 4; lastKnownFileType = sourcecode.c.objc; path = FTShieldLessonCell.m; sourceTree = "<group>"; };
		CA5454C119C71F5F0052111C /* FTShieldLessonCell.xib */ = {isa = PBXFileReference; fileEncoding = 4; lastKnownFileType = file.xib; path = FTShieldLessonCell.xib; sourceTree = "<group>"; };
		CA5454C419C720370052111C /* FTLessonsListViewController.h */ = {isa = PBXFileReference; fileEncoding = 4; lastKnownFileType = sourcecode.c.h; path = FTLessonsListViewController.h; sourceTree = "<group>"; };
		CA5454C519C720370052111C /* FTLessonsListViewController.m */ = {isa = PBXFileReference; fileEncoding = 4; lastKnownFileType = sourcecode.c.objc; path = FTLessonsListViewController.m; sourceTree = "<group>"; };
		CA5454C819C741A20052111C /* FTShopViewController.h */ = {isa = PBXFileReference; fileEncoding = 4; lastKnownFileType = sourcecode.c.h; path = FTShopViewController.h; sourceTree = "<group>"; };
		CA5454C919C741A20052111C /* FTShopViewController.m */ = {isa = PBXFileReference; fileEncoding = 4; lastKnownFileType = sourcecode.c.objc; path = FTShopViewController.m; sourceTree = "<group>"; };
		CA5454CA19C741A20052111C /* FTShopViewController.xib */ = {isa = PBXFileReference; fileEncoding = 4; lastKnownFileType = file.xib; path = FTShopViewController.xib; sourceTree = "<group>"; };
		CA5454CD19C743F50052111C /* FTShopItemCell.h */ = {isa = PBXFileReference; fileEncoding = 4; lastKnownFileType = sourcecode.c.h; path = FTShopItemCell.h; sourceTree = "<group>"; };
		CA5454CE19C743F50052111C /* FTShopItemCell.m */ = {isa = PBXFileReference; fileEncoding = 4; lastKnownFileType = sourcecode.c.objc; path = FTShopItemCell.m; sourceTree = "<group>"; };
		CA5454CF19C743F50052111C /* FTShopItemCell.xib */ = {isa = PBXFileReference; fileEncoding = 4; lastKnownFileType = file.xib; path = FTShopItemCell.xib; sourceTree = "<group>"; };
		CA74999419C094B700C221A9 /* fanto.app */ = {isa = PBXFileReference; explicitFileType = wrapper.application; includeInIndex = 0; path = fanto.app; sourceTree = BUILT_PRODUCTS_DIR; };
		CA74999719C094B700C221A9 /* Foundation.framework */ = {isa = PBXFileReference; lastKnownFileType = wrapper.framework; name = Foundation.framework; path = System/Library/Frameworks/Foundation.framework; sourceTree = SDKROOT; };
		CA74999919C094B700C221A9 /* CoreGraphics.framework */ = {isa = PBXFileReference; lastKnownFileType = wrapper.framework; name = CoreGraphics.framework; path = System/Library/Frameworks/CoreGraphics.framework; sourceTree = SDKROOT; };
		CA74999B19C094B700C221A9 /* UIKit.framework */ = {isa = PBXFileReference; lastKnownFileType = wrapper.framework; name = UIKit.framework; path = System/Library/Frameworks/UIKit.framework; sourceTree = SDKROOT; };
		CA74999F19C094B700C221A9 /* fanto-Info.plist */ = {isa = PBXFileReference; lastKnownFileType = text.plist.xml; path = "fanto-Info.plist"; sourceTree = "<group>"; };
		CA7499A119C094B700C221A9 /* en */ = {isa = PBXFileReference; lastKnownFileType = text.plist.strings; name = en; path = en.lproj/InfoPlist.strings; sourceTree = "<group>"; };
		CA7499A319C094B700C221A9 /* main.m */ = {isa = PBXFileReference; lastKnownFileType = sourcecode.c.objc; path = main.m; sourceTree = "<group>"; };
		CA7499A519C094B700C221A9 /* fanto-Prefix.pch */ = {isa = PBXFileReference; lastKnownFileType = sourcecode.c.h; path = "fanto-Prefix.pch"; sourceTree = "<group>"; };
		CA7499A619C094B700C221A9 /* FTAppDelegate.h */ = {isa = PBXFileReference; lastKnownFileType = sourcecode.c.h; path = FTAppDelegate.h; sourceTree = "<group>"; };
		CA7499A719C094B700C221A9 /* FTAppDelegate.m */ = {isa = PBXFileReference; lastKnownFileType = sourcecode.c.objc; path = FTAppDelegate.m; sourceTree = "<group>"; };
		CA7499B019C094B700C221A9 /* XCTest.framework */ = {isa = PBXFileReference; lastKnownFileType = wrapper.framework; name = XCTest.framework; path = Library/Frameworks/XCTest.framework; sourceTree = DEVELOPER_DIR; };
		CA7499C719C0951A00C221A9 /* Utils.h */ = {isa = PBXFileReference; fileEncoding = 4; lastKnownFileType = sourcecode.c.h; path = Utils.h; sourceTree = "<group>"; };
		CA7499C819C0951A00C221A9 /* Utils.m */ = {isa = PBXFileReference; fileEncoding = 4; lastKnownFileType = sourcecode.c.objc; path = Utils.m; sourceTree = "<group>"; };
		CA7499CC19C0951A00C221A9 /* BaseViewController.h */ = {isa = PBXFileReference; fileEncoding = 4; lastKnownFileType = sourcecode.c.h; path = BaseViewController.h; sourceTree = "<group>"; };
		CA7499CD19C0951A00C221A9 /* BaseViewController.m */ = {isa = PBXFileReference; fileEncoding = 4; lastKnownFileType = sourcecode.c.objc; path = BaseViewController.m; sourceTree = "<group>"; };
		CAEBA24D19C331CE0024CA71 /* UIImage+ImageHelpers.h */ = {isa = PBXFileReference; fileEncoding = 4; lastKnownFileType = sourcecode.c.h; path = "UIImage+ImageHelpers.h"; sourceTree = "<group>"; };
		CAEBA24E19C331CE0024CA71 /* UIImage+ImageHelpers.m */ = {isa = PBXFileReference; fileEncoding = 4; lastKnownFileType = sourcecode.c.objc; path = "UIImage+ImageHelpers.m"; sourceTree = "<group>"; };
		CAEBA25119C487B20024CA71 /* FTSkillsListViewController.h */ = {isa = PBXFileReference; fileEncoding = 4; lastKnownFileType = sourcecode.c.h; path = FTSkillsListViewController.h; sourceTree = "<group>"; };
		CAEBA25219C487B20024CA71 /* FTSkillsListViewController.m */ = {isa = PBXFileReference; fileEncoding = 4; lastKnownFileType = sourcecode.c.objc; path = FTSkillsListViewController.m; sourceTree = "<group>"; };
		CAEBA25319C487B20024CA71 /* FTSkillsListViewController.xib */ = {isa = PBXFileReference; fileEncoding = 4; lastKnownFileType = file.xib; path = FTSkillsListViewController.xib; sourceTree = "<group>"; };
		CAEBA25619C487F30024CA71 /* BaseTableViewCell.h */ = {isa = PBXFileReference; fileEncoding = 4; lastKnownFileType = sourcecode.c.h; path = BaseTableViewCell.h; sourceTree = "<group>"; };
		CAEBA25719C487F30024CA71 /* BaseTableViewCell.m */ = {isa = PBXFileReference; fileEncoding = 4; lastKnownFileType = sourcecode.c.objc; path = BaseTableViewCell.m; sourceTree = "<group>"; };
		CAEBA25919C488460024CA71 /* MBase.h */ = {isa = PBXFileReference; fileEncoding = 4; lastKnownFileType = sourcecode.c.h; path = MBase.h; sourceTree = "<group>"; };
		CAEBA25A19C488460024CA71 /* MBase.m */ = {isa = PBXFileReference; fileEncoding = 4; lastKnownFileType = sourcecode.c.objc; path = MBase.m; sourceTree = "<group>"; };
		CAEBA26819C48C490024CA71 /* img-hexagon_skill-bg-locked.png */ = {isa = PBXFileReference; lastKnownFileType = image.png; path = "img-hexagon_skill-bg-locked.png"; sourceTree = "<group>"; };
		CAEBA26919C48C490024CA71 /* img-hexagon_skill-bg-locked@2x.png */ = {isa = PBXFileReference; lastKnownFileType = image.png; path = "img-hexagon_skill-bg-locked@2x.png"; sourceTree = "<group>"; };
		CAEBA26A19C48C490024CA71 /* img-hexagon_skill-bg-unlocked.png */ = {isa = PBXFileReference; lastKnownFileType = image.png; path = "img-hexagon_skill-bg-unlocked.png"; sourceTree = "<group>"; };
		CAEBA26B19C48C490024CA71 /* img-hexagon_skill-bg-unlocked@2x.png */ = {isa = PBXFileReference; lastKnownFileType = image.png; path = "img-hexagon_skill-bg-unlocked@2x.png"; sourceTree = "<group>"; };
		CAEBA27219C48D760024CA71 /* ClearSans-Bold.ttf */ = {isa = PBXFileReference; lastKnownFileType = file; path = "ClearSans-Bold.ttf"; sourceTree = "<group>"; };
		CAEBA27319C48D760024CA71 /* ClearSans-Regular.ttf */ = {isa = PBXFileReference; lastKnownFileType = file; path = "ClearSans-Regular.ttf"; sourceTree = "<group>"; };
		CAEBA27619C48F610024CA71 /* MSkill.h */ = {isa = PBXFileReference; fileEncoding = 4; lastKnownFileType = sourcecode.c.h; path = MSkill.h; sourceTree = "<group>"; };
		CAEBA27719C48F610024CA71 /* MSkill.m */ = {isa = PBXFileReference; fileEncoding = 4; lastKnownFileType = sourcecode.c.objc; path = MSkill.m; sourceTree = "<group>"; };
		CAEBA27919C4924B0024CA71 /* FTSharedHeader.h */ = {isa = PBXFileReference; lastKnownFileType = sourcecode.c.h; path = FTSharedHeader.h; sourceTree = "<group>"; };
		CAEBA28319C4A7E10024CA71 /* btn-hexagon-strengthen-bg.png */ = {isa = PBXFileReference; lastKnownFileType = image.png; path = "btn-hexagon-strengthen-bg.png"; sourceTree = "<group>"; };
		CAEBA28419C4A7E10024CA71 /* btn-hexagon-strengthen-bg@2x.png */ = {isa = PBXFileReference; lastKnownFileType = image.png; path = "btn-hexagon-strengthen-bg@2x.png"; sourceTree = "<group>"; };
		CAEBA28819C4AA710024CA71 /* FTHexagonCheckpointTestCell.h */ = {isa = PBXFileReference; fileEncoding = 4; lastKnownFileType = sourcecode.c.h; path = FTHexagonCheckpointTestCell.h; sourceTree = "<group>"; };
		CAEBA28919C4AA710024CA71 /* FTHexagonCheckpointTestCell.m */ = {isa = PBXFileReference; fileEncoding = 4; lastKnownFileType = sourcecode.c.objc; path = FTHexagonCheckpointTestCell.m; sourceTree = "<group>"; };
		CAEBA28A19C4AA710024CA71 /* FTHexagonCheckpointTestCell.xib */ = {isa = PBXFileReference; fileEncoding = 4; lastKnownFileType = file.xib; path = FTHexagonCheckpointTestCell.xib; sourceTree = "<group>"; };
		CAEBA28B19C4AA710024CA71 /* FTHexagonSkillCell.h */ = {isa = PBXFileReference; fileEncoding = 4; lastKnownFileType = sourcecode.c.h; path = FTHexagonSkillCell.h; sourceTree = "<group>"; };
		CAEBA28C19C4AA710024CA71 /* FTHexagonSkillCell.m */ = {isa = PBXFileReference; fileEncoding = 4; lastKnownFileType = sourcecode.c.objc; path = FTHexagonSkillCell.m; sourceTree = "<group>"; };
		CAEBA28D19C4AA710024CA71 /* FTHexagonSkillCell.xib */ = {isa = PBXFileReference; fileEncoding = 4; lastKnownFileType = file.xib; path = FTHexagonSkillCell.xib; sourceTree = "<group>"; };
		CAEBA28E19C4AA710024CA71 /* FTHexagonSkillView.h */ = {isa = PBXFileReference; fileEncoding = 4; lastKnownFileType = sourcecode.c.h; path = FTHexagonSkillView.h; sourceTree = "<group>"; };
		CAEBA28F19C4AA710024CA71 /* FTHexagonSkillView.m */ = {isa = PBXFileReference; fileEncoding = 4; lastKnownFileType = sourcecode.c.objc; path = FTHexagonSkillView.m; sourceTree = "<group>"; };
		CAEBA29019C4AA710024CA71 /* FTHexagonSkillView.xib */ = {isa = PBXFileReference; fileEncoding = 4; lastKnownFileType = file.xib; path = FTHexagonSkillView.xib; sourceTree = "<group>"; };
		CAEBA29719C4AB1A0024CA71 /* FTSkillCell.h */ = {isa = PBXFileReference; fileEncoding = 4; lastKnownFileType = sourcecode.c.h; path = FTSkillCell.h; sourceTree = "<group>"; };
		CAEBA29819C4AB1A0024CA71 /* FTSkillCell.m */ = {isa = PBXFileReference; fileEncoding = 4; lastKnownFileType = sourcecode.c.objc; path = FTSkillCell.m; sourceTree = "<group>"; };
		CAEBA29A19C4AC750024CA71 /* img-hexagon-checkpoint_test-bg.png */ = {isa = PBXFileReference; lastKnownFileType = image.png; path = "img-hexagon-checkpoint_test-bg.png"; sourceTree = "<group>"; };
		CAEBA29B19C4AC750024CA71 /* img-hexagon-checkpoint_test-bg@2x.png */ = {isa = PBXFileReference; lastKnownFileType = image.png; path = "img-hexagon-checkpoint_test-bg@2x.png"; sourceTree = "<group>"; };
		F4CA9477A6E74D6595BD95FA /* Pods.xcconfig */ = {isa = PBXFileReference; includeInIndex = 1; lastKnownFileType = text.xcconfig; name = Pods.xcconfig; path = ../Pods/Pods.xcconfig; sourceTree = "<group>"; };
/* End PBXFileReference section */

/* Begin PBXFrameworksBuildPhase section */
		CA74999119C094B700C221A9 /* Frameworks */ = {
			isa = PBXFrameworksBuildPhase;
			buildActionMask = 2147483647;
			files = (
				CA74999A19C094B700C221A9 /* CoreGraphics.framework in Frameworks */,
				CA74999C19C094B700C221A9 /* UIKit.framework in Frameworks */,
				CA74999819C094B700C221A9 /* Foundation.framework in Frameworks */,
				E8EAE054E22C4E029457F2D0 /* libPods.a in Frameworks */,
			);
			runOnlyForDeploymentPostprocessing = 0;
		};
/* End PBXFrameworksBuildPhase section */

/* Begin PBXGroup section */
		4A74146119C2FD7F002DB2C7 /* Home */ = {
			isa = PBXGroup;
			children = (
				4A74146219C2FD7F002DB2C7 /* img-forgot_password-text_box-bg.png */,
				4A74146319C2FD7F002DB2C7 /* img-forgot_password-text_box-bg@2x.png */,
				4A74146419C2FD7F002DB2C7 /* img-home-buttons-bg.png */,
				4A74146519C2FD7F002DB2C7 /* img-home-buttons-bg@2x.png */,
				4A74146619C2FD7F002DB2C7 /* img-login-text_boxes-bg.png */,
				4A74146719C2FD7F002DB2C7 /* img-login-text_boxes-bg@2x.png */,
				4A74146819C2FD7F002DB2C7 /* img-sign_up-text_boxes-bg.png */,
				4A74146919C2FD7F002DB2C7 /* img-sign_up-text_boxes-bg@2x.png */,
			);
			name = Home;
			path = images/home;
			sourceTree = "<group>";
		};
		4A74147219C2FD8D002DB2C7 /* Images */ = {
			isa = PBXGroup;
			children = (
				4A74144619C2D779002DB2C7 /* btn-navbar-back.png */,
				4A74144719C2D779002DB2C7 /* btn-navbar-back@2x.png */,
				CA00EDFB19C0A21600E6D9D5 /* Default-568h@2x.png */,
				4A74146119C2FD7F002DB2C7 /* Home */,
				CAEBA26619C48C490024CA71 /* Profile */,
			);
			name = Images;
			sourceTree = "<group>";
		};
		4A74147319C2FDBE002DB2C7 /* Home */ = {
			isa = PBXGroup;
			children = (
				4A74147419C2FDBE002DB2C7 /* FTForgotPasswordViewController.h */,
				4A74147519C2FDBE002DB2C7 /* FTForgotPasswordViewController.m */,
				4A74147619C2FDBE002DB2C7 /* FTForgotPasswordViewController.xib */,
				4A74147719C2FDBE002DB2C7 /* FTHomeViewController.h */,
				4A74147819C2FDBE002DB2C7 /* FTHomeViewController.m */,
				4A74147919C2FDBE002DB2C7 /* FTHomeViewController.xib */,
				4A74147A19C2FDBE002DB2C7 /* FTLoginViewController.h */,
				4A74147B19C2FDBE002DB2C7 /* FTLoginViewController.m */,
				4A74147C19C2FDBE002DB2C7 /* FTLoginViewController.xib */,
				4A74147D19C2FDBE002DB2C7 /* FTSignUpViewController.h */,
				4A74147E19C2FDBE002DB2C7 /* FTSignUpViewController.m */,
				4A74147F19C2FDBE002DB2C7 /* FTSignUpViewController.xib */,
			);
			name = Home;
			path = home;
			sourceTree = "<group>";
		};
		4A85F38F19C68D4600642C5F /* Lessons List */ = {
			isa = PBXGroup;
			children = (
				CA5454C419C720370052111C /* FTLessonsListViewController.h */,
				CA5454C519C720370052111C /* FTLessonsListViewController.m */,
				CA5454AE19C71E8C0052111C /* Hexagon */,
				CA5454B919C71E990052111C /* Shield */,
			);
			name = "Lessons List";
			path = "lessons-list";
			sourceTree = "<group>";
		};
		4A85F39519C68EF400642C5F /* Lessons List */ = {
			isa = PBXGroup;
			children = (
				4A85F3AA19C6CD3500642C5F /* btn-hexagon_lesson-retake.png */,
				4A85F3AB19C6CD3500642C5F /* btn-hexagon_lesson-retake@2x.png */,
				4A85F3A619C6CC6D00642C5F /* img-lesson-passed_checkmark.png */,
				4A85F3A719C6CC6D00642C5F /* img-lesson-passed_checkmark@2x.png */,
				4A85F39619C68EF400642C5F /* img-hexagon_lessons-bg-bottom.png */,
				4A85F39719C68EF400642C5F /* img-hexagon_lessons-bg-bottom@2x.png */,
				4A85F39819C68EF400642C5F /* img-hexagon_lessons-bg-top.png */,
				4A85F39919C68EF400642C5F /* img-hexagon_lessons-bg-top@2x.png */,
			);
			name = "Lessons List";
			path = "lessons-list";
			sourceTree = "<group>";
		};
		4A85F3D119C6DF7000642C5F /* Shield */ = {
			isa = PBXGroup;
			children = (
				4A85F40319C6F3D800642C5F /* FTShieldCheckpointTestCell.h */,
				4A85F40419C6F3D800642C5F /* FTShieldCheckpointTestCell.m */,
				4A85F40519C6F3D800642C5F /* FTShieldCheckpointTestCell.xib */,
				4A85F3D219C6DFA600642C5F /* FTShieldSkillCell.h */,
				4A85F3D319C6DFA600642C5F /* FTShieldSkillCell.m */,
				4A85F3D419C6DFA600642C5F /* FTShieldSkillCell.xib */,
				4A85F3D719C6E08100642C5F /* FTShieldSkillView.h */,
				4A85F3D819C6E08100642C5F /* FTShieldSkillView.m */,
				4A85F3DA19C6E08B00642C5F /* FTShieldSkillView.xib */,
			);
			name = Shield;
			path = shield;
			sourceTree = "<group>";
		};
		4ACFE59519C811A500AAC524 /* Shop */ = {
			isa = PBXGroup;
			children = (
				4ACFE59619C811A500AAC524 /* img-money-icon.png */,
				4ACFE59719C811A500AAC524 /* img-money-icon@2x.png */,
			);
			name = Shop;
			path = shop;
			sourceTree = "<group>";
		};
		CA5454AE19C71E8C0052111C /* Hexagon */ = {
			isa = PBXGroup;
			children = (
				CA5454AF19C71E8C0052111C /* FTHexagonLessonsListViewController.h */,
				CA5454B019C71E8C0052111C /* FTHexagonLessonsListViewController.m */,
				CA5454B119C71E8C0052111C /* FTHexagonLessonsListViewController.xib */,
				CA5454B219C71E8C0052111C /* FTHexagonLessonView.h */,
				CA5454B319C71E8C0052111C /* FTHexagonLessonView.m */,
				CA5454B419C71E8C0052111C /* FTHexagonLessonView.xib */,
			);
			name = Hexagon;
			path = hexagon;
			sourceTree = "<group>";
		};
		CA5454B919C71E990052111C /* Shield */ = {
			isa = PBXGroup;
			children = (
				CA5454BA19C71EC10052111C /* FTShieldLessonsListViewController.h */,
				CA5454BB19C71EC10052111C /* FTShieldLessonsListViewController.m */,
				CA5454BC19C71EC10052111C /* FTShieldLessonsListViewController.xib */,
				CA5454BF19C71F5F0052111C /* FTShieldLessonCell.h */,
				CA5454C019C71F5F0052111C /* FTShieldLessonCell.m */,
				CA5454C119C71F5F0052111C /* FTShieldLessonCell.xib */,
			);
			name = Shield;
			path = shield;
			sourceTree = "<group>";
		};
		CA5454C719C741890052111C /* Shop */ = {
			isa = PBXGroup;
			children = (
				CA5454CD19C743F50052111C /* FTShopItemCell.h */,
				CA5454CE19C743F50052111C /* FTShopItemCell.m */,
				CA5454CF19C743F50052111C /* FTShopItemCell.xib */,
				CA5454C819C741A20052111C /* FTShopViewController.h */,
				CA5454C919C741A20052111C /* FTShopViewController.m */,
				CA5454CA19C741A20052111C /* FTShopViewController.xib */,
			);
			name = Shop;
			path = shop;
			sourceTree = "<group>";
		};
		CA74998B19C094B700C221A9 = {
			isa = PBXGroup;
			children = (
				CA74999D19C094B700C221A9 /* fanto */,
				CA74999619C094B700C221A9 /* Frameworks */,
				CA74999519C094B700C221A9 /* Products */,
				F4CA9477A6E74D6595BD95FA /* Pods.xcconfig */,
			);
			sourceTree = "<group>";
		};
		CA74999519C094B700C221A9 /* Products */ = {
			isa = PBXGroup;
			children = (
				CA74999419C094B700C221A9 /* fanto.app */,
			);
			name = Products;
			sourceTree = "<group>";
		};
		CA74999619C094B700C221A9 /* Frameworks */ = {
			isa = PBXGroup;
			children = (
				CA74999719C094B700C221A9 /* Foundation.framework */,
				CA74999919C094B700C221A9 /* CoreGraphics.framework */,
				CA74999B19C094B700C221A9 /* UIKit.framework */,
				CA7499B019C094B700C221A9 /* XCTest.framework */,
				2049651044F2420EB5D4EB87 /* libPods.a */,
			);
			name = Frameworks;
			sourceTree = "<group>";
		};
		CA74999D19C094B700C221A9 /* fanto */ = {
			isa = PBXGroup;
			children = (
				CA7499A619C094B700C221A9 /* FTAppDelegate.h */,
				CA7499A719C094B700C221A9 /* FTAppDelegate.m */,
				CAEBA27919C4924B0024CA71 /* FTSharedHeader.h */,
				CA7499C619C0951A00C221A9 /* Helpers */,
				CA7499C919C0951A00C221A9 /* Models */,
				CA7499CA19C0951A00C221A9 /* Resources */,
				CA74999E19C094B700C221A9 /* Supporting Files */,
				CA7499CB19C0951A00C221A9 /* View Controllers */,
			);
			path = fanto;
			sourceTree = "<group>";
		};
		CA74999E19C094B700C221A9 /* Supporting Files */ = {
			isa = PBXGroup;
			children = (
				CA74999F19C094B700C221A9 /* fanto-Info.plist */,
				CA7499A019C094B700C221A9 /* InfoPlist.strings */,
				CA7499A319C094B700C221A9 /* main.m */,
				CA7499A519C094B700C221A9 /* fanto-Prefix.pch */,
			);
			name = "Supporting Files";
			sourceTree = "<group>";
		};
		CA7499C619C0951A00C221A9 /* Helpers */ = {
			isa = PBXGroup;
			children = (
				CA7499C719C0951A00C221A9 /* Utils.h */,
				CA7499C819C0951A00C221A9 /* Utils.m */,
				4A74145E19C2F8A0002DB2C7 /* UIView+ExtendedToast.h */,
				4A74145F19C2F8A0002DB2C7 /* UIView+ExtendedToast.m */,
				CAEBA24D19C331CE0024CA71 /* UIImage+ImageHelpers.h */,
				CAEBA24E19C331CE0024CA71 /* UIImage+ImageHelpers.m */,
			);
			name = Helpers;
			path = helpers;
			sourceTree = "<group>";
		};
		CA7499C919C0951A00C221A9 /* Models */ = {
			isa = PBXGroup;
			children = (
				CAEBA25919C488460024CA71 /* MBase.h */,
				CAEBA25A19C488460024CA71 /* MBase.m */,
				4ACFE59219C810AD00AAC524 /* MItem.h */,
				4ACFE59319C810AD00AAC524 /* MItem.m */,
				4A85F39E19C6976400642C5F /* MLesson.h */,
				4A85F39F19C6976400642C5F /* MLesson.m */,
				CAEBA27619C48F610024CA71 /* MSkill.h */,
				CAEBA27719C48F610024CA71 /* MSkill.m */,
			);
			name = Models;
			path = models;
			sourceTree = "<group>";
		};
		CA7499CA19C0951A00C221A9 /* Resources */ = {
			isa = PBXGroup;
			children = (
				CAEBA27019C48D760024CA71 /* Fonts */,
				4A74147219C2FD8D002DB2C7 /* Images */,
			);
			name = Resources;
			path = resources;
			sourceTree = "<group>";
		};
		CA7499CB19C0951A00C221A9 /* View Controllers */ = {
			isa = PBXGroup;
			children = (
				CAEBA25619C487F30024CA71 /* BaseTableViewCell.h */,
				CAEBA25719C487F30024CA71 /* BaseTableViewCell.m */,
				CA7499CC19C0951A00C221A9 /* BaseViewController.h */,
				CA7499CD19C0951A00C221A9 /* BaseViewController.m */,
				4A74147319C2FDBE002DB2C7 /* Home */,
				CAEBA24719C329BF0024CA71 /* Profile */,
			);
			name = "View Controllers";
			path = viewcontrollers;
			sourceTree = "<group>";
		};
		CAEBA24719C329BF0024CA71 /* Profile */ = {
			isa = PBXGroup;
			children = (
				4A85F38F19C68D4600642C5F /* Lessons List */,
				CA5454C719C741890052111C /* Shop */,
				CAEBA25019C487940024CA71 /* Skills List */,
			);
			name = Profile;
			path = profile;
			sourceTree = "<group>";
		};
		CAEBA25019C487940024CA71 /* Skills List */ = {
			isa = PBXGroup;
			children = (
				4A85F40819C6F45400642C5F /* FTCheckpointTestCell.h */,
				4A85F40919C6F45400642C5F /* FTCheckpointTestCell.m */,
				CAEBA29719C4AB1A0024CA71 /* FTSkillCell.h */,
				CAEBA29819C4AB1A0024CA71 /* FTSkillCell.m */,
				CAEBA25119C487B20024CA71 /* FTSkillsListViewController.h */,
				CAEBA25219C487B20024CA71 /* FTSkillsListViewController.m */,
				CAEBA25319C487B20024CA71 /* FTSkillsListViewController.xib */,
				4A85F40019C6F18900642C5F /* FTSkillView.h */,
				4A85F40119C6F18900642C5F /* FTSkillView.m */,
				CAEBA28719C4AA710024CA71 /* Hexagon */,
				4A85F3D119C6DF7000642C5F /* Shield */,
			);
			name = "Skills List";
			path = "skills-list";
			sourceTree = "<group>";
		};
		CAEBA26619C48C490024CA71 /* Profile */ = {
			isa = PBXGroup;
			children = (
				4A85F39519C68EF400642C5F /* Lessons List */,
				4ACFE59519C811A500AAC524 /* Shop */,
				CAEBA26719C48C490024CA71 /* Skills List */,
			);
			name = Profile;
			path = images/profile;
			sourceTree = "<group>";
		};
		CAEBA26719C48C490024CA71 /* Skills List */ = {
			isa = PBXGroup;
			children = (
				CAEBA28319C4A7E10024CA71 /* btn-hexagon-strengthen-bg.png */,
				CAEBA28419C4A7E10024CA71 /* btn-hexagon-strengthen-bg@2x.png */,
				4A85F40B19C6F8FE00642C5F /* btn-shield-strengthen-bg.png */,
				4A85F40C19C6F8FE00642C5F /* btn-shield-strengthen-bg@2x.png */,
				CAEBA29A19C4AC750024CA71 /* img-hexagon-checkpoint_test-bg.png */,
				CAEBA29B19C4AC750024CA71 /* img-hexagon-checkpoint_test-bg@2x.png */,
				CAEBA26819C48C490024CA71 /* img-hexagon_skill-bg-locked.png */,
				CAEBA26919C48C490024CA71 /* img-hexagon_skill-bg-locked@2x.png */,
				CAEBA26A19C48C490024CA71 /* img-hexagon_skill-bg-unlocked.png */,
				CAEBA26B19C48C490024CA71 /* img-hexagon_skill-bg-unlocked@2x.png */,
				4A85F3E019C6E2BF00642C5F /* img-hexagon_skill-strength-1.png */,
				4A85F3E119C6E2BF00642C5F /* img-hexagon_skill-strength-1@2x.png */,
				4A85F3E219C6E2BF00642C5F /* img-hexagon_skill-strength-2.png */,
				4A85F3E319C6E2BF00642C5F /* img-hexagon_skill-strength-2@2x.png */,
				4A85F3E419C6E2BF00642C5F /* img-hexagon_skill-strength-3.png */,
				4A85F3E519C6E2BF00642C5F /* img-hexagon_skill-strength-3@2x.png */,
				4A85F3E619C6E2BF00642C5F /* img-hexagon_skill-strength-4.png */,
				4A85F3E719C6E2BF00642C5F /* img-hexagon_skill-strength-4@2x.png */,
				4A85F3DC19C6E13100642C5F /* img-shield_skill-bg-unlocked.png */,
				4A85F3DD19C6E13100642C5F /* img-shield_skill-bg-unlocked@2x.png */,
				4A85F3F019C6E32100642C5F /* img-shield_skill-strength-1.png */,
				4A85F3F119C6E32100642C5F /* img-shield_skill-strength-1@2x.png */,
				4A85F3F219C6E32100642C5F /* img-shield_skill-strength-2.png */,
				4A85F3F319C6E32100642C5F /* img-shield_skill-strength-2@x.png */,
				4A85F3F419C6E32100642C5F /* img-shield_skill-strength-3.png */,
				4A85F3F519C6E32100642C5F /* img-shield_skill-strength-3@2x.png */,
				4A85F3F619C6E32100642C5F /* img-shield_skill-strength-4.png */,
				4A85F3F719C6E32100642C5F /* img-shield_skill-strength-4@2x.png */,
			);
			name = "Skills List";
			path = "skills-list";
			sourceTree = "<group>";
		};
		CAEBA27019C48D760024CA71 /* Fonts */ = {
			isa = PBXGroup;
			children = (
				CAEBA27119C48D760024CA71 /* ClearSans */,
			);
			name = Fonts;
			path = fonts;
			sourceTree = "<group>";
		};
		CAEBA27119C48D760024CA71 /* ClearSans */ = {
			isa = PBXGroup;
			children = (
				CAEBA27219C48D760024CA71 /* ClearSans-Bold.ttf */,
				CAEBA27319C48D760024CA71 /* ClearSans-Regular.ttf */,
			);
			name = ClearSans;
			path = "clear-sans";
			sourceTree = "<group>";
		};
		CAEBA28719C4AA710024CA71 /* Hexagon */ = {
			isa = PBXGroup;
			children = (
				CAEBA28819C4AA710024CA71 /* FTHexagonCheckpointTestCell.h */,
				CAEBA28919C4AA710024CA71 /* FTHexagonCheckpointTestCell.m */,
				CAEBA28A19C4AA710024CA71 /* FTHexagonCheckpointTestCell.xib */,
				CAEBA28B19C4AA710024CA71 /* FTHexagonSkillCell.h */,
				CAEBA28C19C4AA710024CA71 /* FTHexagonSkillCell.m */,
				CAEBA28D19C4AA710024CA71 /* FTHexagonSkillCell.xib */,
				CAEBA28E19C4AA710024CA71 /* FTHexagonSkillView.h */,
				CAEBA28F19C4AA710024CA71 /* FTHexagonSkillView.m */,
				CAEBA29019C4AA710024CA71 /* FTHexagonSkillView.xib */,
			);
			name = Hexagon;
			path = hexagon;
			sourceTree = "<group>";
		};
/* End PBXGroup section */

/* Begin PBXNativeTarget section */
		CA74999319C094B700C221A9 /* fanto */ = {
			isa = PBXNativeTarget;
			buildConfigurationList = CA7499C019C094B700C221A9 /* Build configuration list for PBXNativeTarget "fanto" */;
			buildPhases = (
				AB7B926EF7DB4AE496F94A16 /* Check Pods Manifest.lock */,
				CA74999019C094B700C221A9 /* Sources */,
				CA74999119C094B700C221A9 /* Frameworks */,
				CA74999219C094B700C221A9 /* Resources */,
				E8BA89E834A0458595429367 /* Copy Pods Resources */,
			);
			buildRules = (
			);
			dependencies = (
			);
			name = fanto;
			productName = fanto;
			productReference = CA74999419C094B700C221A9 /* fanto.app */;
			productType = "com.apple.product-type.application";
		};
/* End PBXNativeTarget section */

/* Begin PBXProject section */
		CA74998C19C094B700C221A9 /* Project object */ = {
			isa = PBXProject;
			attributes = {
				CLASSPREFIX = FT;
				LastUpgradeCheck = 0510;
				ORGANIZATIONNAME = "Ethan Nguyen";
			};
			buildConfigurationList = CA74998F19C094B700C221A9 /* Build configuration list for PBXProject "fanto" */;
			compatibilityVersion = "Xcode 3.2";
			developmentRegion = English;
			hasScannedForEncodings = 0;
			knownRegions = (
				en,
			);
			mainGroup = CA74998B19C094B700C221A9;
			productRefGroup = CA74999519C094B700C221A9 /* Products */;
			projectDirPath = "";
			projectRoot = "";
			targets = (
				CA74999319C094B700C221A9 /* fanto */,
			);
		};
/* End PBXProject section */

/* Begin PBXResourcesBuildPhase section */
		CA74999219C094B700C221A9 /* Resources */ = {
			isa = PBXResourcesBuildPhase;
			buildActionMask = 2147483647;
			files = (
				4A85F3ED19C6E2BF00642C5F /* img-hexagon_skill-strength-3@2x.png in Resources */,
				4A85F3E919C6E2BF00642C5F /* img-hexagon_skill-strength-1@2x.png in Resources */,
				4A85F3FE19C6E32100642C5F /* img-shield_skill-strength-4.png in Resources */,
				4A85F3EC19C6E2BF00642C5F /* img-hexagon_skill-strength-3.png in Resources */,
				4A85F3EF19C6E2BF00642C5F /* img-hexagon_skill-strength-4@2x.png in Resources */,
				4A85F3FF19C6E32100642C5F /* img-shield_skill-strength-4@2x.png in Resources */,
				4A85F3DF19C6E13100642C5F /* img-shield_skill-bg-unlocked@2x.png in Resources */,
				CAEBA29D19C4AC750024CA71 /* img-hexagon-checkpoint_test-bg@2x.png in Resources */,
				CA5454D119C743F50052111C /* FTShopItemCell.xib in Resources */,
				CAEBA29219C4AA710024CA71 /* FTHexagonCheckpointTestCell.xib in Resources */,
				4A85F3FB19C6E32100642C5F /* img-shield_skill-strength-2@x.png in Resources */,
				CAEBA27419C48D760024CA71 /* ClearSans-Bold.ttf in Resources */,
				4A74147019C2FD7F002DB2C7 /* img-sign_up-text_boxes-bg.png in Resources */,
				4A85F3DB19C6E08B00642C5F /* FTShieldSkillView.xib in Resources */,
				4A85F3A919C6CC6D00642C5F /* img-lesson-passed_checkmark@2x.png in Resources */,
				4A85F39C19C68EF400642C5F /* img-hexagon_lessons-bg-top.png in Resources */,
				4A85F3DE19C6E13100642C5F /* img-shield_skill-bg-unlocked.png in Resources */,
				4A74146E19C2FD7F002DB2C7 /* img-login-text_boxes-bg.png in Resources */,
				CA7499A219C094B700C221A9 /* InfoPlist.strings in Resources */,
				4A74148319C2FDBE002DB2C7 /* FTHomeViewController.xib in Resources */,
				CAEBA28519C4A7E10024CA71 /* btn-hexagon-strengthen-bg.png in Resources */,
				4A85F3FA19C6E32100642C5F /* img-shield_skill-strength-2.png in Resources */,
				4A74146A19C2FD7F002DB2C7 /* img-forgot_password-text_box-bg.png in Resources */,
				CAEBA28619C4A7E10024CA71 /* btn-hexagon-strengthen-bg@2x.png in Resources */,
				4A85F3FD19C6E32100642C5F /* img-shield_skill-strength-3@2x.png in Resources */,
				CAEBA29419C4AA710024CA71 /* FTHexagonSkillCell.xib in Resources */,
				4A85F3A819C6CC6D00642C5F /* img-lesson-passed_checkmark.png in Resources */,
				4A74144919C2D779002DB2C7 /* btn-navbar-back@2x.png in Resources */,
				4A74146D19C2FD7F002DB2C7 /* img-home-buttons-bg@2x.png in Resources */,
				4A85F40719C6F3D800642C5F /* FTShieldCheckpointTestCell.xib in Resources */,
				4A85F3EE19C6E2BF00642C5F /* img-hexagon_skill-strength-4.png in Resources */,
				CA5454B819C71E8C0052111C /* FTHexagonLessonView.xib in Resources */,
				4A85F39D19C68EF400642C5F /* img-hexagon_lessons-bg-top@2x.png in Resources */,
				4A85F3AD19C6CD3500642C5F /* btn-hexagon_lesson-retake@2x.png in Resources */,
				CA5454C319C71F5F0052111C /* FTShieldLessonCell.xib in Resources */,
				4A74148519C2FDBE002DB2C7 /* FTLoginViewController.xib in Resources */,
				4A74147119C2FD7F002DB2C7 /* img-sign_up-text_boxes-bg@2x.png in Resources */,
				CAEBA27519C48D760024CA71 /* ClearSans-Regular.ttf in Resources */,
				CA00EDFC19C0A21600E6D9D5 /* Default-568h@2x.png in Resources */,
				4A74148719C2FDBE002DB2C7 /* FTSignUpViewController.xib in Resources */,
				CAEBA26C19C48C490024CA71 /* img-hexagon_skill-bg-locked.png in Resources */,
				4ACFE59919C811A500AAC524 /* img-money-icon@2x.png in Resources */,
				4A85F39A19C68EF400642C5F /* img-hexagon_lessons-bg-bottom.png in Resources */,
				4A85F3EB19C6E2BF00642C5F /* img-hexagon_skill-strength-2@2x.png in Resources */,
				4A74146C19C2FD7F002DB2C7 /* img-home-buttons-bg.png in Resources */,
				4A85F40E19C6F8FE00642C5F /* btn-shield-strengthen-bg@2x.png in Resources */,
				CA5454CC19C741A20052111C /* FTShopViewController.xib in Resources */,
				CA5454BE19C71EC10052111C /* FTShieldLessonsListViewController.xib in Resources */,
				4A85F3D619C6DFA600642C5F /* FTShieldSkillCell.xib in Resources */,
				4A85F3FC19C6E32100642C5F /* img-shield_skill-strength-3.png in Resources */,
				4A74148119C2FDBE002DB2C7 /* FTForgotPasswordViewController.xib in Resources */,
				4A85F3AC19C6CD3500642C5F /* btn-hexagon_lesson-retake.png in Resources */,
				4A74146F19C2FD7F002DB2C7 /* img-login-text_boxes-bg@2x.png in Resources */,
				4A85F39B19C68EF400642C5F /* img-hexagon_lessons-bg-bottom@2x.png in Resources */,
				4ACFE59819C811A500AAC524 /* img-money-icon.png in Resources */,
				CAEBA25519C487B20024CA71 /* FTSkillsListViewController.xib in Resources */,
				CAEBA26D19C48C490024CA71 /* img-hexagon_skill-bg-locked@2x.png in Resources */,
				4A74144819C2D779002DB2C7 /* btn-navbar-back.png in Resources */,
				CAEBA26E19C48C490024CA71 /* img-hexagon_skill-bg-unlocked.png in Resources */,
				4A85F3E819C6E2BF00642C5F /* img-hexagon_skill-strength-1.png in Resources */,
				CAEBA29C19C4AC750024CA71 /* img-hexagon-checkpoint_test-bg.png in Resources */,
				CAEBA26F19C48C490024CA71 /* img-hexagon_skill-bg-unlocked@2x.png in Resources */,
				4A85F40D19C6F8FE00642C5F /* btn-shield-strengthen-bg.png in Resources */,
				4A85F3EA19C6E2BF00642C5F /* img-hexagon_skill-strength-2.png in Resources */,
				4A85F3F919C6E32100642C5F /* img-shield_skill-strength-1@2x.png in Resources */,
				4A85F3F819C6E32100642C5F /* img-shield_skill-strength-1.png in Resources */,
				CA5454B619C71E8C0052111C /* FTHexagonLessonsListViewController.xib in Resources */,
				CAEBA29619C4AA710024CA71 /* FTHexagonSkillView.xib in Resources */,
				4A74146B19C2FD7F002DB2C7 /* img-forgot_password-text_box-bg@2x.png in Resources */,
			);
			runOnlyForDeploymentPostprocessing = 0;
		};
/* End PBXResourcesBuildPhase section */

/* Begin PBXShellScriptBuildPhase section */
		AB7B926EF7DB4AE496F94A16 /* Check Pods Manifest.lock */ = {
			isa = PBXShellScriptBuildPhase;
			buildActionMask = 2147483647;
			files = (
			);
			inputPaths = (
			);
			name = "Check Pods Manifest.lock";
			outputPaths = (
			);
			runOnlyForDeploymentPostprocessing = 0;
			shellPath = /bin/sh;
			shellScript = "diff \"${PODS_ROOT}/../Podfile.lock\" \"${PODS_ROOT}/Manifest.lock\" > /dev/null\nif [[ $? != 0 ]] ; then\n    cat << EOM\nerror: The sandbox is not in sync with the Podfile.lock. Run 'pod install' or update your CocoaPods installation.\nEOM\n    exit 1\nfi\n";
			showEnvVarsInLog = 0;
		};
		E8BA89E834A0458595429367 /* Copy Pods Resources */ = {
			isa = PBXShellScriptBuildPhase;
			buildActionMask = 2147483647;
			files = (
			);
			inputPaths = (
			);
			name = "Copy Pods Resources";
			outputPaths = (
			);
			runOnlyForDeploymentPostprocessing = 0;
			shellPath = /bin/sh;
			shellScript = "\"${SRCROOT}/../Pods/Pods-resources.sh\"\n";
			showEnvVarsInLog = 0;
		};
/* End PBXShellScriptBuildPhase section */

/* Begin PBXSourcesBuildPhase section */
		CA74999019C094B700C221A9 /* Sources */ = {
			isa = PBXSourcesBuildPhase;
			buildActionMask = 2147483647;
			files = (
				CA5454CB19C741A20052111C /* FTShopViewController.m in Sources */,
				CAEBA25819C487F30024CA71 /* BaseTableViewCell.m in Sources */,
				CA5454D019C743F50052111C /* FTShopItemCell.m in Sources */,
				CA7499CF19C0951A00C221A9 /* Utils.m in Sources */,
				4A74148619C2FDBE002DB2C7 /* FTSignUpViewController.m in Sources */,
				CA7499D019C0951A00C221A9 /* BaseViewController.m in Sources */,
				4A85F40619C6F3D800642C5F /* FTShieldCheckpointTestCell.m in Sources */,
				4A85F40219C6F18900642C5F /* FTSkillView.m in Sources */,
				CAEBA29119C4AA710024CA71 /* FTHexagonCheckpointTestCell.m in Sources */,
				CA5454B519C71E8C0052111C /* FTHexagonLessonsListViewController.m in Sources */,
				CAEBA25B19C488460024CA71 /* MBase.m in Sources */,
				CAEBA25419C487B20024CA71 /* FTSkillsListViewController.m in Sources */,
				CAEBA29919C4AB1A0024CA71 /* FTSkillCell.m in Sources */,
				4A74148219C2FDBE002DB2C7 /* FTHomeViewController.m in Sources */,
				4A85F3D519C6DFA600642C5F /* FTShieldSkillCell.m in Sources */,
				CA5454BD19C71EC10052111C /* FTShieldLessonsListViewController.m in Sources */,
				4A85F3A019C6976400642C5F /* MLesson.m in Sources */,
				CA5454C619C720370052111C /* FTLessonsListViewController.m in Sources */,
				CA7499A819C094B700C221A9 /* FTAppDelegate.m in Sources */,
				4A74148419C2FDBE002DB2C7 /* FTLoginViewController.m in Sources */,
				4A74146019C2F8A0002DB2C7 /* UIView+ExtendedToast.m in Sources */,
				CAEBA29319C4AA710024CA71 /* FTHexagonSkillCell.m in Sources */,
				4A74148019C2FDBE002DB2C7 /* FTForgotPasswordViewController.m in Sources */,
				4A85F40A19C6F45400642C5F /* FTCheckpointTestCell.m in Sources */,
				CAEBA24F19C331CE0024CA71 /* UIImage+ImageHelpers.m in Sources */,
				CA5454C219C71F5F0052111C /* FTShieldLessonCell.m in Sources */,
				4A85F3D919C6E08100642C5F /* FTShieldSkillView.m in Sources */,
				CA7499A419C094B700C221A9 /* main.m in Sources */,
				CAEBA29519C4AA710024CA71 /* FTHexagonSkillView.m in Sources */,
				CAEBA27819C48F610024CA71 /* MSkill.m in Sources */,
				4ACFE59419C810AD00AAC524 /* MItem.m in Sources */,
				CA5454B719C71E8C0052111C /* FTHexagonLessonView.m in Sources */,
			);
			runOnlyForDeploymentPostprocessing = 0;
		};
/* End PBXSourcesBuildPhase section */

/* Begin PBXVariantGroup section */
		CA7499A019C094B700C221A9 /* InfoPlist.strings */ = {
			isa = PBXVariantGroup;
			children = (
				CA7499A119C094B700C221A9 /* en */,
			);
			name = InfoPlist.strings;
			sourceTree = "<group>";
		};
/* End PBXVariantGroup section */

/* Begin XCBuildConfiguration section */
		CA7499BE19C094B700C221A9 /* Debug */ = {
			isa = XCBuildConfiguration;
			buildSettings = {
				ALWAYS_SEARCH_USER_PATHS = NO;
				CLANG_CXX_LANGUAGE_STANDARD = "gnu++0x";
				CLANG_CXX_LIBRARY = "libc++";
				CLANG_ENABLE_MODULES = YES;
				CLANG_ENABLE_OBJC_ARC = YES;
				CLANG_WARN_BOOL_CONVERSION = YES;
				CLANG_WARN_CONSTANT_CONVERSION = YES;
				CLANG_WARN_DIRECT_OBJC_ISA_USAGE = YES_ERROR;
				CLANG_WARN_EMPTY_BODY = YES;
				CLANG_WARN_ENUM_CONVERSION = YES;
				CLANG_WARN_INT_CONVERSION = YES;
				CLANG_WARN_OBJC_ROOT_CLASS = YES_ERROR;
				CLANG_WARN__DUPLICATE_METHOD_MATCH = YES;
				"CODE_SIGN_IDENTITY[sdk=iphoneos*]" = "iPhone Developer";
				COPY_PHASE_STRIP = NO;
				GCC_C_LANGUAGE_STANDARD = gnu99;
				GCC_DYNAMIC_NO_PIC = NO;
				GCC_OPTIMIZATION_LEVEL = 0;
				GCC_PREPROCESSOR_DEFINITIONS = (
					"DEBUG=1",
					"$(inherited)",
				);
				GCC_SYMBOLS_PRIVATE_EXTERN = NO;
				GCC_WARN_64_TO_32_BIT_CONVERSION = YES;
				GCC_WARN_ABOUT_RETURN_TYPE = YES_ERROR;
				GCC_WARN_UNDECLARED_SELECTOR = YES;
				GCC_WARN_UNINITIALIZED_AUTOS = YES_AGGRESSIVE;
				GCC_WARN_UNUSED_FUNCTION = YES;
				GCC_WARN_UNUSED_VARIABLE = YES;
				IPHONEOS_DEPLOYMENT_TARGET = 6.0;
				ONLY_ACTIVE_ARCH = YES;
				SDKROOT = iphoneos;
			};
			name = Debug;
		};
		CA7499BF19C094B700C221A9 /* Release */ = {
			isa = XCBuildConfiguration;
			buildSettings = {
				ALWAYS_SEARCH_USER_PATHS = NO;
				CLANG_CXX_LANGUAGE_STANDARD = "gnu++0x";
				CLANG_CXX_LIBRARY = "libc++";
				CLANG_ENABLE_MODULES = YES;
				CLANG_ENABLE_OBJC_ARC = YES;
				CLANG_WARN_BOOL_CONVERSION = YES;
				CLANG_WARN_CONSTANT_CONVERSION = YES;
				CLANG_WARN_DIRECT_OBJC_ISA_USAGE = YES_ERROR;
				CLANG_WARN_EMPTY_BODY = YES;
				CLANG_WARN_ENUM_CONVERSION = YES;
				CLANG_WARN_INT_CONVERSION = YES;
				CLANG_WARN_OBJC_ROOT_CLASS = YES_ERROR;
				CLANG_WARN__DUPLICATE_METHOD_MATCH = YES;
				"CODE_SIGN_IDENTITY[sdk=iphoneos*]" = "iPhone Developer";
				COPY_PHASE_STRIP = YES;
				ENABLE_NS_ASSERTIONS = NO;
				GCC_C_LANGUAGE_STANDARD = gnu99;
				GCC_WARN_64_TO_32_BIT_CONVERSION = YES;
				GCC_WARN_ABOUT_RETURN_TYPE = YES_ERROR;
				GCC_WARN_UNDECLARED_SELECTOR = YES;
				GCC_WARN_UNINITIALIZED_AUTOS = YES_AGGRESSIVE;
				GCC_WARN_UNUSED_FUNCTION = YES;
				GCC_WARN_UNUSED_VARIABLE = YES;
				IPHONEOS_DEPLOYMENT_TARGET = 6.0;
				SDKROOT = iphoneos;
				VALIDATE_PRODUCT = YES;
			};
			name = Release;
		};
		CA7499C119C094B700C221A9 /* Debug */ = {
			isa = XCBuildConfiguration;
			baseConfigurationReference = F4CA9477A6E74D6595BD95FA /* Pods.xcconfig */;
			buildSettings = {
				ASSETCATALOG_COMPILER_APPICON_NAME = AppIcon;
				GCC_PRECOMPILE_PREFIX_HEADER = YES;
				GCC_PREFIX_HEADER = "fanto/fanto-Prefix.pch";
				INFOPLIST_FILE = "fanto/fanto-Info.plist";
				PRODUCT_NAME = "$(TARGET_NAME)";
				WRAPPER_EXTENSION = app;
			};
			name = Debug;
		};
		CA7499C219C094B700C221A9 /* Release */ = {
			isa = XCBuildConfiguration;
			baseConfigurationReference = F4CA9477A6E74D6595BD95FA /* Pods.xcconfig */;
			buildSettings = {
				ASSETCATALOG_COMPILER_APPICON_NAME = AppIcon;
				GCC_PRECOMPILE_PREFIX_HEADER = YES;
				GCC_PREFIX_HEADER = "fanto/fanto-Prefix.pch";
				INFOPLIST_FILE = "fanto/fanto-Info.plist";
				PRODUCT_NAME = "$(TARGET_NAME)";
				WRAPPER_EXTENSION = app;
			};
			name = Release;
		};
/* End XCBuildConfiguration section */

/* Begin XCConfigurationList section */
		CA74998F19C094B700C221A9 /* Build configuration list for PBXProject "fanto" */ = {
			isa = XCConfigurationList;
			buildConfigurations = (
				CA7499BE19C094B700C221A9 /* Debug */,
				CA7499BF19C094B700C221A9 /* Release */,
			);
			defaultConfigurationIsVisible = 0;
			defaultConfigurationName = Release;
		};
		CA7499C019C094B700C221A9 /* Build configuration list for PBXNativeTarget "fanto" */ = {
			isa = XCConfigurationList;
			buildConfigurations = (
				CA7499C119C094B700C221A9 /* Debug */,
				CA7499C219C094B700C221A9 /* Release */,
			);
			defaultConfigurationIsVisible = 0;
			defaultConfigurationName = Release;
		};
/* End XCConfigurationList section */
	};
	rootObject = CA74998C19C094B700C221A9 /* Project object */;
}
